
Microsoft Visual Studio Solution File, Format Version 12.00
# Visual Studio Version 16
VisualStudioVersion = 16.0.30517.126
MinimumVisualStudioVersion = 10.0.40219.1
Project("{FAE04EC0-301F-11D3-BF4B-00C04F79EFBC}") = "Nodebb-Redis-KeyConverter", "Nodebb-Redis-KeyConverter\Nodebb-Redis-KeyConverter.csproj", "{4FBCD553-2475-40CC-A2CB-1F95A917320B}"
EndProject
Global
	GlobalSection(SolutionConfigurationPlatforms) = preSolution
		Debug|Any CPU = Debug|Any CPU
		Release|Any CPU = Release|Any CPU
	EndGlobalSection
	GlobalSection(ProjectConfigurationPlatforms) = postSolution
		{4FBCD553-2475-40CC-A2CB-1F95A917320B}.Debug|Any CPU.ActiveCfg = Debug|Any CPU
		{4FBCD553-2475-40CC-A2CB-1F95A917320B}.Debug|Any CPU.Build.0 = Debug|Any CPU
		{4FBCD553-2475-40CC-A2CB-1F95A917320B}.Release|Any CPU.ActiveCfg = Release|Any CPU
		{4FBCD553-2475-40CC-A2CB-1F95A917320B}.Release|Any CPU.Build.0 = Release|Any CPU
	EndGlobalSection
	GlobalSection(SolutionProperties) = preSolution
		HideSolutionNode = FALSE
	EndGlobalSection
	GlobalSection(ExtensibilityGlobals) = postSolution
		SolutionGuid = {6B814190-D70E-4495-9EB0-6A16F8E2B1C0}
	EndGlobalSection
EndGlobal
